github.com/tedla-brandsema/tagex v0.5.0 h1:9ntGlaJmZ1ONoJdl4TbhC4iR0y2Wsl1em8k/x2IpzEc=
github.com/tedla-brandsema/tagex v0.5.0/go.mod h1:fJOmfddEvYYK+kREzzKdT5LjPu2ufoN0mL6UiOfJsuU=
github.com/tedla-brandsema/valex v0.3.0 h1:q0HfQvuRSIUNIEvz36pzDMN5njPrbFqMyZRHQyDqp48=
github.com/tedla-brandsema/valex v0.3.0/go.mod h1:zn73krVLq7UNYMQmMIo6cYgrLUYgdQtMZaQMp7GHfdg=
go.yaml.in/yaml/v3 v3.0.5 h1:N6y/pJk8buWs9NY5ERU2HSMfm+IuD/OtfdAnq6kESPw=
go.yaml.in/yaml/v3 v3.0.5/go.mod h1:HVTZu1O7/Vkt2N+BFy8Zza+lnLsABggaTM2ZpNIGuKg=
